
Microsoft Visual Studio Solution File, Format Version 12.00
# Visual Studio 14
VisualStudioVersion = 14.0.25420.1
MinimumVisualStudioVersion = 10.0.40219.1
Project("{FAE04EC0-301F-11D3-BF4B-00C04F79EFBC}") = "LexerParser", "src\LexerParser\LexerParser.csproj", "{CA86E8AD-F991-4F36-9701-D187AABCE2B5}"
EndProject
Project("{FAE04EC0-301F-11D3-BF4B-00C04F79EFBC}") = "Mut", "src\Mut\Mut.csproj", "{E74A2E9D-BDA8-42AF-892C-754EBC786F9B}"
EndProject
Project("{FAE04EC0-301F-11D3-BF4B-00C04F79EFBC}") = "Mut.Tests", "src\Mut.Tests\Mut.Tests.csproj", "{3781D796-C6DA-48FF-A858-8BAD7270CEA8}"
EndProject
Project("{FAE04EC0-301F-11D3-BF4B-00C04F79EFBC}") = "LexerParser.Tests", "src\LexerParser.Tests\LexerParser.Tests.csproj", "{D209F25A-F1E0-442A-B7B5-C8CE78446D3F}"
EndProject
Project("{FAE04EC0-301F-11D3-BF4B-00C04F79EFBC}") = "Interpreter", "src\Interpreter\Interpreter.csproj", "{70C9C77B-AC29-472F-A1EC-C760971069E9}"
EndProject
Project("{FAE04EC0-301F-11D3-BF4B-00C04F79EFBC}") = "Interpreter.Tests", "src\Interpreter.Tests\Interpreter.Tests.csproj", "{228C3F6E-EEA3-4BD9-A606-A1A1984F9817}"
EndProject
Global
	GlobalSection(SolutionConfigurationPlatforms) = preSolution
		Debug|Any CPU = Debug|Any CPU
		Release|Any CPU = Release|Any CPU
	EndGlobalSection
	GlobalSection(ProjectConfigurationPlatforms) = postSolution
		{CA86E8AD-F991-4F36-9701-D187AABCE2B5}.Debug|Any CPU.ActiveCfg = Debug|Any CPU
		{CA86E8AD-F991-4F36-9701-D187AABCE2B5}.Debug|Any CPU.Build.0 = Debug|Any CPU
		{CA86E8AD-F991-4F36-9701-D187AABCE2B5}.Release|Any CPU.ActiveCfg = Release|Any CPU
		{CA86E8AD-F991-4F36-9701-D187AABCE2B5}.Release|Any CPU.Build.0 = Release|Any CPU
		{E74A2E9D-BDA8-42AF-892C-754EBC786F9B}.Debug|Any CPU.ActiveCfg = Debug|Any CPU
		{E74A2E9D-BDA8-42AF-892C-754EBC786F9B}.Debug|Any CPU.Build.0 = Debug|Any CPU
		{E74A2E9D-BDA8-42AF-892C-754EBC786F9B}.Release|Any CPU.ActiveCfg = Release|Any CPU
		{E74A2E9D-BDA8-42AF-892C-754EBC786F9B}.Release|Any CPU.Build.0 = Release|Any CPU
		{3781D796-C6DA-48FF-A858-8BAD7270CEA8}.Debug|Any CPU.ActiveCfg = Debug|Any CPU
		{3781D796-C6DA-48FF-A858-8BAD7270CEA8}.Debug|Any CPU.Build.0 = Debug|Any CPU
		{3781D796-C6DA-48FF-A858-8BAD7270CEA8}.Release|Any CPU.ActiveCfg = Release|Any CPU
		{3781D796-C6DA-48FF-A858-8BAD7270CEA8}.Release|Any CPU.Build.0 = Release|Any CPU
		{D209F25A-F1E0-442A-B7B5-C8CE78446D3F}.Debug|Any CPU.ActiveCfg = Debug|Any CPU
		{D209F25A-F1E0-442A-B7B5-C8CE78446D3F}.Debug|Any CPU.Build.0 = Debug|Any CPU
		{D209F25A-F1E0-442A-B7B5-C8CE78446D3F}.Release|Any CPU.ActiveCfg = Release|Any CPU
		{D209F25A-F1E0-442A-B7B5-C8CE78446D3F}.Release|Any CPU.Build.0 = Release|Any CPU
		{70C9C77B-AC29-472F-A1EC-C760971069E9}.Debug|Any CPU.ActiveCfg = Debug|Any CPU
		{70C9C77B-AC29-472F-A1EC-C760971069E9}.Debug|Any CPU.Build.0 = Debug|Any CPU
		{70C9C77B-AC29-472F-A1EC-C760971069E9}.Release|Any CPU.ActiveCfg = Release|Any CPU
		{70C9C77B-AC29-472F-A1EC-C760971069E9}.Release|Any CPU.Build.0 = Release|Any CPU
		{228C3F6E-EEA3-4BD9-A606-A1A1984F9817}.Debug|Any CPU.ActiveCfg = Debug|Any CPU
		{228C3F6E-EEA3-4BD9-A606-A1A1984F9817}.Debug|Any CPU.Build.0 = Debug|Any CPU
		{228C3F6E-EEA3-4BD9-A606-A1A1984F9817}.Release|Any CPU.ActiveCfg = Release|Any CPU
		{228C3F6E-EEA3-4BD9-A606-A1A1984F9817}.Release|Any CPU.Build.0 = Release|Any CPU
	EndGlobalSection
	GlobalSection(SolutionProperties) = preSolution
		HideSolutionNode = FALSE
	EndGlobalSection
EndGlobal
